
Microsoft Visual Studio Solution File, Format Version 12.00
# Visual Studio Version 16
VisualStudioVersion = 16.0.31321.278
MinimumVisualStudioVersion = 10.0.40219.1
Project("{FAE04EC0-301F-11D3-BF4B-00C04F79EFBC}") = "Winforms", "Winforms\Winforms.csproj", "{9FEB8887-E915-4AE5-810E-9869847B2896}"
EndProject
Project("{FAE04EC0-301F-11D3-BF4B-00C04F79EFBC}") = "WebAPI", "WebApi\WebApi\WebAPI.csproj", "{3C2EF8F6-2BBE-47A7-93DE-762CC7AB632C}"
EndProject
Global
	GlobalSection(SolutionConfigurationPlatforms) = preSolution
		Debug|Any CPU = Debug|Any CPU
		Release|Any CPU = Release|Any CPU
	EndGlobalSection
	GlobalSection(ProjectConfigurationPlatforms) = postSolution
		{9FEB8887-E915-4AE5-810E-9869847B2896}.Debug|Any CPU.ActiveCfg = Debug|Any CPU
		{9FEB8887-E915-4AE5-810E-9869847B2896}.Debug|Any CPU.Build.0 = Debug|Any CPU
		{9FEB8887-E915-4AE5-810E-9869847B2896}.Release|Any CPU.ActiveCfg = Release|Any CPU
		{9FEB8887-E915-4AE5-810E-9869847B2896}.Release|Any CPU.Build.0 = Release|Any CPU
		{3C2EF8F6-2BBE-47A7-93DE-762CC7AB632C}.Debug|Any CPU.ActiveCfg = Debug|Any CPU
		{3C2EF8F6-2BBE-47A7-93DE-762CC7AB632C}.Debug|Any CPU.Build.0 = Debug|Any CPU
		{3C2EF8F6-2BBE-47A7-93DE-762CC7AB632C}.Release|Any CPU.ActiveCfg = Release|Any CPU
		{3C2EF8F6-2BBE-47A7-93DE-762CC7AB632C}.Release|Any CPU.Build.0 = Release|Any CPU
	EndGlobalSection
	GlobalSection(SolutionProperties) = preSolution
		HideSolutionNode = FALSE
	EndGlobalSection
	GlobalSection(ExtensibilityGlobals) = postSolution
		SolutionGuid = {03169ADE-2F02-4578-899D-B00E42758C2C}
	EndGlobalSection
EndGlobal
